
Microsoft Visual Studio Solution File, Format Version 12.00
# Visual Studio 15
VisualStudioVersion = 15.0.27703.2035
MinimumVisualStudioVersion = 10.0.40219.1
Project("{FAE04EC0-301F-11D3-BF4B-00C04F79EFBC}") = "TempList", "TempList\TempList.csproj", "{F210E3E0-FB6F-45CC-B2CC-384EEF6450F5}"
EndProject
Global
	GlobalSection(SolutionConfigurationPlatforms) = preSolution
		Debug|Any CPU = Debug|Any CPU
		Release|Any CPU = Release|Any CPU
	EndGlobalSection
	GlobalSection(ProjectConfigurationPlatforms) = postSolution
		{F210E3E0-FB6F-45CC-B2CC-384EEF6450F5}.Debug|Any CPU.ActiveCfg = Debug|Any CPU
		{F210E3E0-FB6F-45CC-B2CC-384EEF6450F5}.Debug|Any CPU.Build.0 = Debug|Any CPU
		{F210E3E0-FB6F-45CC-B2CC-384EEF6450F5}.Release|Any CPU.ActiveCfg = Release|Any CPU
		{F210E3E0-FB6F-45CC-B2CC-384EEF6450F5}.Release|Any CPU.Build.0 = Release|Any CPU
	EndGlobalSection
	GlobalSection(SolutionProperties) = preSolution
		HideSolutionNode = FALSE
	EndGlobalSection
	GlobalSection(ExtensibilityGlobals) = postSolution
		SolutionGuid = {0ED049B6-2E03-4E80-87AB-07E7B685B794}
	EndGlobalSection
EndGlobal
